<?xml version="1.0" encoding="UTF-8" standalone="yes" ?>
<CodeBlocks_project_file>
	<FileVersion major="1" minor="6" />
	<Project>
		<Option title="box2d" />
		<Option pch_mode="2" />
		<Option compiler="gcc" />
		<Build>
			<Target title="Debug">
				<Option output="../../depends/box2D/build/libbox2d.a" prefix_auto="0" extension_auto="0" />
				<Option object_output="obj/Debug/box2d" />
				<Option type="2" />
				<Option compiler="gcc" />
				<Compiler>
					<Add directory="../../depends/box2d/include" />
				</Compiler>
				<Linker>
					<Add option="-s" />
				</Linker>
			</Target>
			<Target title="Release">
				<Option output="../../depends/box2D/build/libbox2d.a" prefix_auto="0" extension_auto="0" />
				<Option object_output="obj/Release/box2d" />
				<Option type="2" />
				<Option compiler="gcc" />
				<Compiler>
					<Add directory="../../depends/box2d/include" />
				</Compiler>
				<Linker>
					<Add option="-s" />
				</Linker>
			</Target>
		</Build>
		<Unit filename="../../depends/box2d/source/b2BlockAllocator.cpp">
		</Unit>
		<Unit filename="../../depends/box2d/source/b2Body.cpp">
		</Unit>
		<Unit filename="../../depends/box2d/source/b2BroadPhase.cpp">
		</Unit>
		<Unit filename="../../depends/box2d/source/b2CircleContact.cpp">
		</Unit>
		<Unit filename="../../depends/box2d/source/b2CircleShape.cpp">
		</Unit>
		<Unit filename="../../depends/box2d/source/b2CollideCircle.cpp">
		</Unit>
		<Unit filename="../../depends/box2d/source/b2CollidePolygon.cpp">
		</Unit>
		<Unit filename="../../depends/box2d/source/b2Collision.cpp">
		</Unit>
		<Unit filename="../../depends/box2d/source/b2Contact.cpp">
		</Unit>
		<Unit filename="../../depends/box2d/source/b2ContactManager.cpp">
		</Unit>
		<Unit filename="../../depends/box2d/source/b2ContactSolver.cpp">
		</Unit>
		<Unit filename="../../depends/box2d/source/b2Distance.cpp">
		</Unit>
		<Unit filename="../../depends/box2d/source/b2DistanceJoint.cpp">
		</Unit>
		<Unit filename="../../depends/box2d/source/b2DynamicTree.cpp">
		</Unit>
		<Unit filename="../../depends/box2d/source/b2Fixture.cpp">
		</Unit>
		<Unit filename="../../depends/box2d/source/b2FrictionJoint.cpp">
		</Unit>
		<Unit filename="../../depends/box2d/source/b2GearJoint.cpp">
		</Unit>
		<Unit filename="../../depends/box2d/source/b2Island.cpp">
		</Unit>
		<Unit filename="../../depends/box2d/source/b2Joint.cpp">
		</Unit>
		<Unit filename="../../depends/box2d/source/b2LineJoint.cpp">
		</Unit>
		<Unit filename="../../depends/box2d/source/b2Math.cpp">
		</Unit>
		<Unit filename="../../depends/box2d/source/b2MouseJoint.cpp">
		</Unit>
		<Unit filename="../../depends/box2d/source/b2PolygonAndCircleContact.cpp">
		</Unit>
		<Unit filename="../../depends/box2d/source/b2PolygonContact.cpp">
		</Unit>
		<Unit filename="../../depends/box2d/source/b2PolygonShape.cpp">
		</Unit>
		<Unit filename="../../depends/box2d/source/b2PrismaticJoint.cpp">
		</Unit>
		<Unit filename="../../depends/box2d/source/b2PulleyJoint.cpp">
		</Unit>
		<Unit filename="../../depends/box2d/source/b2RevoluteJoint.cpp">
		</Unit>
		<Unit filename="../../depends/box2d/source/b2Settings.cpp">
		</Unit>
		<Unit filename="../../depends/box2d/source/b2StackAllocator.cpp">
		</Unit>
		<Unit filename="../../depends/box2d/source/b2TimeOfImpact.cpp">
		</Unit>
		<Unit filename="../../depends/box2d/source/b2TOISolver.cpp">
		</Unit>
		<Unit filename="../../depends/box2d/source/b2WeldJoint.cpp">
		</Unit>
		<Unit filename="../../depends/box2d/source/b2World.cpp">
		</Unit>
		<Unit filename="../../depends/box2d/source/b2WorldCallbacks.cpp">
		</Unit>
		<Unit filename="../../depends/box2d/include/Box2D/Box2D.h">
		</Unit>
		<Unit filename="../../depends/box2d/include/Box2D/Collision/b2BroadPhase.h">
		</Unit>
		<Unit filename="../../depends/box2d/include/Box2D/Collision/b2Collision.h">
		</Unit>
		<Unit filename="../../depends/box2d/include/Box2D/Collision/b2Distance.h">
		</Unit>
		<Unit filename="../../depends/box2d/include/Box2D/Collision/b2DynamicTree.h">
		</Unit>
		<Unit filename="../../depends/box2d/include/Box2D/Collision/b2TimeOfImpact.h">
		</Unit>
		<Unit filename="../../depends/box2d/include/Box2D/Collision/Shapes/b2CircleShape.h">
		</Unit>
		<Unit filename="../../depends/box2d/include/Box2D/Collision/Shapes/b2PolygonShape.h">
		</Unit>
		<Unit filename="../../depends/box2d/include/Box2D/Collision/Shapes/b2Shape.h">
		</Unit>
		<Unit filename="../../depends/box2d/include/Box2D/Common/b2BlockAllocator.h">
		</Unit>
		<Unit filename="../../depends/box2d/include/Box2D/Common/b2Math.h">
		</Unit>
		<Unit filename="../../depends/box2d/include/Box2D/Common/b2Settings.h">
		</Unit>
		<Unit filename="../../depends/box2d/include/Box2D/Common/b2StackAllocator.h">
		</Unit>
		<Unit filename="../../depends/box2d/include/Box2D/Dynamics/b2Body.h">
		</Unit>
		<Unit filename="../../depends/box2d/include/Box2D/Dynamics/b2ContactManager.h">
		</Unit>
		<Unit filename="../../depends/box2d/include/Box2D/Dynamics/b2Fixture.h">
		</Unit>
		<Unit filename="../../depends/box2d/include/Box2D/Dynamics/b2Island.h">
		</Unit>
		<Unit filename="../../depends/box2d/include/Box2D/Dynamics/b2TimeStep.h">
		</Unit>
		<Unit filename="../../depends/box2d/include/Box2D/Dynamics/b2World.h">
		</Unit>
		<Unit filename="../../depends/box2d/include/Box2D/Dynamics/b2WorldCallbacks.h">
		</Unit>
		<Unit filename="../../depends/box2d/include/Box2D/Dynamics/Contacts/b2CircleContact.h">
		</Unit>
		<Unit filename="../../depends/box2d/include/Box2D/Dynamics/Contacts/b2Contact.h">
		</Unit>
		<Unit filename="../../depends/box2d/include/Box2D/Dynamics/Contacts/b2ContactSolver.h">
		</Unit>
		<Unit filename="../../depends/box2d/include/Box2D/Dynamics/Contacts/b2PolygonAndCircleContact.h">
		</Unit>
		<Unit filename="../../depends/box2d/include/Box2D/Dynamics/Contacts/b2PolygonContact.h">
		</Unit>
		<Unit filename="../../depends/box2d/include/Box2D/Dynamics/Contacts/b2TOISolver.h">
		</Unit>
		<Unit filename="../../depends/box2d/include/Box2D/Dynamics/Joints/b2DistanceJoint.h">
		</Unit>
		<Unit filename="../../depends/box2d/include/Box2D/Dynamics/Joints/b2FrictionJoint.h">
		</Unit>
		<Unit filename="../../depends/box2d/include/Box2D/Dynamics/Joints/b2GearJoint.h">
		</Unit>
		<Unit filename="../../depends/box2d/include/Box2D/Dynamics/Joints/b2Joint.h">
		</Unit>
		<Unit filename="../../depends/box2d/include/Box2D/Dynamics/Joints/b2LineJoint.h">
		</Unit>
		<Unit filename="../../depends/box2d/include/Box2D/Dynamics/Joints/b2MouseJoint.h">
		</Unit>
		<Unit filename="../../depends/box2d/include/Box2D/Dynamics/Joints/b2PrismaticJoint.h">
		</Unit>
		<Unit filename="../../depends/box2d/include/Box2D/Dynamics/Joints/b2PulleyJoint.h">
		</Unit>
		<Unit filename="../../depends/box2d/include/Box2D/Dynamics/Joints/b2RevoluteJoint.h">
		</Unit>
		<Unit filename="../../depends/box2d/include/Box2D/Dynamics/Joints/b2WeldJoint.h">
		</Unit>
		<Extensions />
	</Project>
</CodeBlocks_project_file>

